{
  "requires": true,
  "lockfileVersion": 1,
  "dependencies": {
    "angular": {
      "version": "1.6.8",
      "resolved": "https://registry.npmjs.org/angular/-/angular-1.6.8.tgz",
      "integrity": "sha512-9WErZIOw1Cu1V5Yxdvxz/6YpND8ntdP71fdPpufPFJvZodZXqCjQBYrHqEoMZreO5i84O3D/Jw/vepoFt68Azw=="
    },
    "angular-sanitize": {
      "version": "1.6.8",
      "resolved": "https://registry.npmjs.org/angular-sanitize/-/angular-sanitize-1.6.8.tgz",
      "integrity": "sha512-XUYxWgPwwT+DGIMzmMBMSwJbYt5g6yMiu5Pq2GIW9EuO+PBNhL4xAf8qU7b2HfH/PwM4VY5NpIa25EoKDdgXAA=="
    },
    "angular-schema-form": {
      "version": "0.8.13",
      "resolved": "https://registry.npmjs.org/angular-schema-form/-/angular-schema-form-0.8.13.tgz",
      "integrity": "sha1-kLviqQZk0IPaPcEnH4kKlL59FA8=",
      "requires": {
        "angular": "1.6.8",
        "angular-sanitize": "1.6.8",
        "objectpath": "1.2.1",
        "tv4": "1.0.18"
      }
    },
    "objectpath": {
      "version": "1.2.1",
      "resolved": "https://registry.npmjs.org/objectpath/-/objectpath-1.2.1.tgz",
      "integrity": "sha1-yHQzvdNSrqAU5PnAtS1wpCZSBS4="
    },
    "tv4": {
      "version": "1.0.18",
      "resolved": "https://registry.npmjs.org/tv4/-/tv4-1.0.18.tgz",
      "integrity": "sha1-c5d2nwA1jjO/Uo3FyHZMYbbegkU="
    }
  }
}
